// !$*UTF8*$!
{
	archiveVersion = 1;
	classes = {
	};
	objectVersion = 46;
	objects = {

/* Begin PBXBuildFile section */
		725CF169971A99CD982B9110 /* libPods-AutolayoutBestPracticeTests.a in Frameworks */ = {isa = PBXBuildFile; fileRef = 05DB8D11250145D897252BF8 /* libPods-AutolayoutBestPracticeTests.a */; };
		95B8777154325C5BE696FA33 /* libPods-AutolayoutBestPractice.a in Frameworks */ = {isa = PBXBuildFile; fileRef = 52AF212AC17E29575F040AC1 /* libPods-AutolayoutBestPractice.a */; };
		AD569E7D1E549FA300EC50D5 /* main.m in Sources */ = {isa = PBXBuildFile; fileRef = AD569E7C1E549FA300EC50D5 /* main.m */; };
		AD569E801E549FA300EC50D5 /* AppDelegate.m in Sources */ = {isa = PBXBuildFile; fileRef = AD569E7F1E549FA300EC50D5 /* AppDelegate.m */; };
		AD569E831E549FA300EC50D5 /* ABPMainViewController.m in Sources */ = {isa = PBXBuildFile; fileRef = AD569E821E549FA300EC50D5 /* ABPMainViewController.m */; };
		AD569E881E549FA300EC50D5 /* Assets.xcassets in Resources */ = {isa = PBXBuildFile; fileRef = AD569E871E549FA300EC50D5 /* Assets.xcassets */; };
		AD569E8B1E549FA300EC50D5 /* LaunchScreen.storyboard in Resources */ = {isa = PBXBuildFile; fileRef = AD569E891E549FA300EC50D5 /* LaunchScreen.storyboard */; };
		AD569E961E549FA300EC50D5 /* AutolayoutBestPracticeTests.m in Sources */ = {isa = PBXBuildFile; fileRef = AD569E951E549FA300EC50D5 /* AutolayoutBestPracticeTests.m */; };
		AD569EA11E549FA300EC50D5 /* AutolayoutBestPracticeUITests.m in Sources */ = {isa = PBXBuildFile; fileRef = AD569EA01E549FA300EC50D5 /* AutolayoutBestPracticeUITests.m */; };
		AD569EB31E54A2EB00EC50D5 /* ABPFlowController.m in Sources */ = {isa = PBXBuildFile; fileRef = AD569EB21E54A2EB00EC50D5 /* ABPFlowController.m */; };
		AD569EB81E54A54700EC50D5 /* ABPXIBExampleViewController.m in Sources */ = {isa = PBXBuildFile; fileRef = AD569EB61E54A54700EC50D5 /* ABPXIBExampleViewController.m */; };
		AD569EB91E54A54700EC50D5 /* ABPXIBExampleViewController.xib in Resources */ = {isa = PBXBuildFile; fileRef = AD569EB71E54A54700EC50D5 /* ABPXIBExampleViewController.xib */; };
		AD569EBC1E54BAE600EC50D5 /* ABPAutolayoutMasonryExample.m in Sources */ = {isa = PBXBuildFile; fileRef = AD569EBB1E54BAE600EC50D5 /* ABPAutolayoutMasonryExample.m */; };
		AD569EBF1E54BE3200EC50D5 /* ABPAutolayoutAnimationExample.m in Sources */ = {isa = PBXBuildFile; fileRef = AD569EBE1E54BE3200EC50D5 /* ABPAutolayoutAnimationExample.m */; };
/* End PBXBuildFile section */

/* Begin PBXContainerItemProxy section */
		AD569E921E549FA300EC50D5 /* PBXContainerItemProxy */ = {
			isa = PBXContainerItemProxy;
			containerPortal = AD569E701E549FA200EC50D5 /* Project object */;
			proxyType = 1;
			remoteGlobalIDString = AD569E771E549FA200EC50D5;
			remoteInfo = AutolayoutBestPractice;
		};
		AD569E9D1E549FA300EC50D5 /* PBXContainerItemProxy */ = {
			isa = PBXContainerItemProxy;
			containerPortal = AD569E701E549FA200EC50D5 /* Project object */;
			proxyType = 1;
			remoteGlobalIDString = AD569E771E549FA200EC50D5;
			remoteInfo = AutolayoutBestPractice;
		};
/* End PBXContainerItemProxy section */

/* Begin PBXFileReference section */
		05DB8D11250145D897252BF8 /* libPods-AutolayoutBestPracticeTests.a */ = {isa = PBXFileReference; explicitFileType = archive.ar; includeInIndex = 0; path = "libPods-AutolayoutBestPracticeTests.a"; sourceTree = BUILT_PRODUCTS_DIR; };
		0A30FFF92A96C27AD32302E0 /* Pods-AutolayoutBestPractice.release.xcconfig */ = {isa = PBXFileReference; includeInIndex = 1; lastKnownFileType = text.xcconfig; name = "Pods-AutolayoutBestPractice.release.xcconfig"; path = "Pods/Target Support Files/Pods-AutolayoutBestPractice/Pods-AutolayoutBestPractice.release.xcconfig"; sourceTree = "<group>"; };
		52AF212AC17E29575F040AC1 /* libPods-AutolayoutBestPractice.a */ = {isa = PBXFileReference; explicitFileType = archive.ar; includeInIndex = 0; path = "libPods-AutolayoutBestPractice.a"; sourceTree = BUILT_PRODUCTS_DIR; };
		584CC10900AB8B30FA8D3025 /* Pods-AutolayoutBestPractice.debug.xcconfig */ = {isa = PBXFileReference; includeInIndex = 1; lastKnownFileType = text.xcconfig; name = "Pods-AutolayoutBestPractice.debug.xcconfig"; path = "Pods/Target Support Files/Pods-AutolayoutBestPractice/Pods-AutolayoutBestPractice.debug.xcconfig"; sourceTree = "<group>"; };
		A9A373C44E6118CE4D4B8DA0 /* Pods-AutolayoutBestPracticeTests.debug.xcconfig */ = {isa = PBXFileReference; includeInIndex = 1; lastKnownFileType = text.xcconfig; name = "Pods-AutolayoutBestPracticeTests.debug.xcconfig"; path = "Pods/Target Support Files/Pods-AutolayoutBestPracticeTests/Pods-AutolayoutBestPracticeTests.debug.xcconfig"; sourceTree = "<group>"; };
		AD569E781E549FA300EC50D5 /* AutolayoutBestPractice.app */ = {isa = PBXFileReference; explicitFileType = wrapper.application; includeInIndex = 0; path = AutolayoutBestPractice.app; sourceTree = BUILT_PRODUCTS_DIR; };
		AD569E7C1E549FA300EC50D5 /* main.m */ = {isa = PBXFileReference; lastKnownFileType = sourcecode.c.objc; path = main.m; sourceTree = "<group>"; };
		AD569E7E1E549FA300EC50D5 /* AppDelegate.h */ = {isa = PBXFileReference; lastKnownFileType = sourcecode.c.h; path = AppDelegate.h; sourceTree = "<group>"; };
		AD569E7F1E549FA300EC50D5 /* AppDelegate.m */ = {isa = PBXFileReference; lastKnownFileType = sourcecode.c.objc; path = AppDelegate.m; sourceTree = "<group>"; };
		AD569E811E549FA300EC50D5 /* ABPMainViewController.h */ = {isa = PBXFileReference; lastKnownFileType = sourcecode.c.h; path = ABPMainViewController.h; sourceTree = "<group>"; };
		AD569E821E549FA300EC50D5 /* ABPMainViewController.m */ = {isa = PBXFileReference; lastKnownFileType = sourcecode.c.objc; path = ABPMainViewController.m; sourceTree = "<group>"; };
		AD569E871E549FA300EC50D5 /* Assets.xcassets */ = {isa = PBXFileReference; lastKnownFileType = folder.assetcatalog; path = Assets.xcassets; sourceTree = "<group>"; };
		AD569E8A1E549FA300EC50D5 /* Base */ = {isa = PBXFileReference; lastKnownFileType = file.storyboard; name = Base; path = Base.lproj/LaunchScreen.storyboard; sourceTree = "<group>"; };
		AD569E8C1E549FA300EC50D5 /* Info.plist */ = {isa = PBXFileReference; lastKnownFileType = text.plist.xml; path = Info.plist; sourceTree = "<group>"; };
		AD569E911E549FA300EC50D5 /* AutolayoutBestPracticeTests.xctest */ = {isa = PBXFileReference; explicitFileType = wrapper.cfbundle; includeInIndex = 0; path = AutolayoutBestPracticeTests.xctest; sourceTree = BUILT_PRODUCTS_DIR; };
		AD569E951E549FA300EC50D5 /* AutolayoutBestPracticeTests.m */ = {isa = PBXFileReference; lastKnownFileType = sourcecode.c.objc; path = AutolayoutBestPracticeTests.m; sourceTree = "<group>"; };
		AD569E971E549FA300EC50D5 /* Info.plist */ = {isa = PBXFileReference; lastKnownFileType = text.plist.xml; path = Info.plist; sourceTree = "<group>"; };
		AD569E9C1E549FA300EC50D5 /* AutolayoutBestPracticeUITests.xctest */ = {isa = PBXFileReference; explicitFileType = wrapper.cfbundle; includeInIndex = 0; path = AutolayoutBestPracticeUITests.xctest; sourceTree = BUILT_PRODUCTS_DIR; };
		AD569EA01E549FA300EC50D5 /* AutolayoutBestPracticeUITests.m */ = {isa = PBXFileReference; lastKnownFileType = sourcecode.c.objc; path = AutolayoutBestPracticeUITests.m; sourceTree = "<group>"; };
		AD569EA21E549FA300EC50D5 /* Info.plist */ = {isa = PBXFileReference; lastKnownFileType = text.plist.xml; path = Info.plist; sourceTree = "<group>"; };
		AD569EB11E54A2EB00EC50D5 /* ABPFlowController.h */ = {isa = PBXFileReference; fileEncoding = 4; lastKnownFileType = sourcecode.c.h; path = ABPFlowController.h; sourceTree = "<group>"; };
		AD569EB21E54A2EB00EC50D5 /* ABPFlowController.m */ = {isa = PBXFileReference; fileEncoding = 4; lastKnownFileType = sourcecode.c.objc; path = ABPFlowController.m; sourceTree = "<group>"; };
		AD569EB51E54A54700EC50D5 /* ABPXIBExampleViewController.h */ = {isa = PBXFileReference; fileEncoding = 4; lastKnownFileType = sourcecode.c.h; path = ABPXIBExampleViewController.h; sourceTree = "<group>"; };
		AD569EB61E54A54700EC50D5 /* ABPXIBExampleViewController.m */ = {isa = PBXFileReference; fileEncoding = 4; lastKnownFileType = sourcecode.c.objc; path = ABPXIBExampleViewController.m; sourceTree = "<group>"; };
		AD569EB71E54A54700EC50D5 /* ABPXIBExampleViewController.xib */ = {isa = PBXFileReference; fileEncoding = 4; lastKnownFileType = file.xib; path = ABPXIBExampleViewController.xib; sourceTree = "<group>"; };
		AD569EBA1E54BAE600EC50D5 /* ABPAutolayoutMasonryExample.h */ = {isa = PBXFileReference; fileEncoding = 4; lastKnownFileType = sourcecode.c.h; path = ABPAutolayoutMasonryExample.h; sourceTree = "<group>"; };
		AD569EBB1E54BAE600EC50D5 /* ABPAutolayoutMasonryExample.m */ = {isa = PBXFileReference; fileEncoding = 4; lastKnownFileType = sourcecode.c.objc; path = ABPAutolayoutMasonryExample.m; sourceTree = "<group>"; };
		AD569EBD1E54BE3200EC50D5 /* ABPAutolayoutAnimationExample.h */ = {isa = PBXFileReference; fileEncoding = 4; lastKnownFileType = sourcecode.c.h; path = ABPAutolayoutAnimationExample.h; sourceTree = "<group>"; };
		AD569EBE1E54BE3200EC50D5 /* ABPAutolayoutAnimationExample.m */ = {isa = PBXFileReference; fileEncoding = 4; lastKnownFileType = sourcecode.c.objc; path = ABPAutolayoutAnimationExample.m; sourceTree = "<group>"; };
		AD569EC01E54DDD400EC50D5 /* Constants.h */ = {isa = PBXFileReference; fileEncoding = 4; lastKnownFileType = sourcecode.c.h; path = Constants.h; sourceTree = "<group>"; };
		F23A7F6BCCDCB56F785E59CA /* Pods-AutolayoutBestPracticeTests.release.xcconfig */ = {isa = PBXFileReference; includeInIndex = 1; lastKnownFileType = text.xcconfig; name = "Pods-AutolayoutBestPracticeTests.release.xcconfig"; path = "Pods/Target Support Files/Pods-AutolayoutBestPracticeTests/Pods-AutolayoutBestPracticeTests.release.xcconfig"; sourceTree = "<group>"; };
/* End PBXFileReference section */

/* Begin PBXFrameworksBuildPhase section */
		AD569E751E549FA200EC50D5 /* Frameworks */ = {
			isa = PBXFrameworksBuildPhase;
			buildActionMask = 2147483647;
			files = (
				95B8777154325C5BE696FA33 /* libPods-AutolayoutBestPractice.a in Frameworks */,
			);
			runOnlyForDeploymentPostprocessing = 0;
		};
		AD569E8E1E549FA300EC50D5 /* Frameworks */ = {
			isa = PBXFrameworksBuildPhase;
			buildActionMask = 2147483647;
			files = (
				725CF169971A99CD982B9110 /* libPods-AutolayoutBestPracticeTests.a in Frameworks */,
			);
			runOnlyForDeploymentPostprocessing = 0;
		};
		AD569E991E549FA300EC50D5 /* Frameworks */ = {
			isa = PBXFrameworksBuildPhase;
			buildActionMask = 2147483647;
			files = (
			);
			runOnlyForDeploymentPostprocessing = 0;
		};
/* End PBXFrameworksBuildPhase section */

/* Begin PBXGroup section */
		5312D1873571B600B44FA67C /* Frameworks */ = {
			isa = PBXGroup;
			children = (
				52AF212AC17E29575F040AC1 /* libPods-AutolayoutBestPractice.a */,
				05DB8D11250145D897252BF8 /* libPods-AutolayoutBestPracticeTests.a */,
			);
			name = Frameworks;
			sourceTree = "<group>";
		};
		8137D71908B532FEF42BE854 /* Pods */ = {
			isa = PBXGroup;
			children = (
				584CC10900AB8B30FA8D3025 /* Pods-AutolayoutBestPractice.debug.xcconfig */,
				0A30FFF92A96C27AD32302E0 /* Pods-AutolayoutBestPractice.release.xcconfig */,
				A9A373C44E6118CE4D4B8DA0 /* Pods-AutolayoutBestPracticeTests.debug.xcconfig */,
				F23A7F6BCCDCB56F785E59CA /* Pods-AutolayoutBestPracticeTests.release.xcconfig */,
			);
			name = Pods;
			sourceTree = "<group>";
		};
		AD569E6F1E549FA200EC50D5 = {
			isa = PBXGroup;
			children = (
				AD569E7A1E549FA300EC50D5 /* AutolayoutBestPractice */,
				AD569E941E549FA300EC50D5 /* AutolayoutBestPracticeTests */,
				AD569E9F1E549FA300EC50D5 /* AutolayoutBestPracticeUITests */,
				AD569E791E549FA300EC50D5 /* Products */,
				8137D71908B532FEF42BE854 /* Pods */,
				5312D1873571B600B44FA67C /* Frameworks */,
			);
			sourceTree = "<group>";
		};
		AD569E791E549FA300EC50D5 /* Products */ = {
			isa = PBXGroup;
			children = (
				AD569E781E549FA300EC50D5 /* AutolayoutBestPractice.app */,
				AD569E911E549FA300EC50D5 /* AutolayoutBestPracticeTests.xctest */,
				AD569E9C1E549FA300EC50D5 /* AutolayoutBestPracticeUITests.xctest */,
			);
			name = Products;
			sourceTree = "<group>";
		};
		AD569E7A1E549FA300EC50D5 /* AutolayoutBestPractice */ = {
			isa = PBXGroup;
			children = (
				AD569EC01E54DDD400EC50D5 /* Constants.h */,
				AD569E7E1E549FA300EC50D5 /* AppDelegate.h */,
				AD569E7F1E549FA300EC50D5 /* AppDelegate.m */,
				AD569E811E549FA300EC50D5 /* ABPMainViewController.h */,
				AD569E821E549FA300EC50D5 /* ABPMainViewController.m */,
				AD569EB41E54A4E700EC50D5 /* AutolayoutAnimationExample */,
				AD569EB01E54A0BA00EC50D5 /* AutolayoutMasonryExample */,
				AD569EAF1E54A0A200EC50D5 /* XIBExample */,
				AD569EAE1E54A08A00EC50D5 /* ABPFlowController */,
				AD569E871E549FA300EC50D5 /* Assets.xcassets */,
				AD569E891E549FA300EC50D5 /* LaunchScreen.storyboard */,
				AD569E8C1E549FA300EC50D5 /* Info.plist */,
				AD569E7B1E549FA300EC50D5 /* Supporting Files */,
			);
			path = AutolayoutBestPractice;
			sourceTree = "<group>";
		};
		AD569E7B1E549FA300EC50D5 /* Supporting Files */ = {
			isa = PBXGroup;
			children = (
				AD569E7C1E549FA300EC50D5 /* main.m */,
			);
			name = "Supporting Files";
			sourceTree = "<group>";
		};
		AD569E941E549FA300EC50D5 /* AutolayoutBestPracticeTests */ = {
			isa = PBXGroup;
			children = (
				AD569E951E549FA300EC50D5 /* AutolayoutBestPracticeTests.m */,
				AD569E971E549FA300EC50D5 /* Info.plist */,
			);
			path = AutolayoutBestPracticeTests;
			sourceTree = "<group>";
		};
		AD569E9F1E549FA300EC50D5 /* AutolayoutBestPracticeUITests */ = {
			isa = PBXGroup;
			children = (
				AD569EA01E549FA300EC50D5 /* AutolayoutBestPracticeUITests.m */,
				AD569EA21E549FA300EC50D5 /* Info.plist */,
			);
			path = AutolayoutBestPracticeUITests;
			sourceTree = "<group>";
		};
		AD569EAE1E54A08A00EC50D5 /* ABPFlowController */ = {
			isa = PBXGroup;
			children = (
				AD569EB11E54A2EB00EC50D5 /* ABPFlowController.h */,
				AD569EB21E54A2EB00EC50D5 /* ABPFlowController.m */,
			);
			name = ABPFlowController;
			sourceTree = "<group>";
		};
		AD569EAF1E54A0A200EC50D5 /* XIBExample */ = {
			isa = PBXGroup;
			children = (
				AD569EB51E54A54700EC50D5 /* ABPXIBExampleViewController.h */,
				AD569EB61E54A54700EC50D5 /* ABPXIBExampleViewController.m */,
				AD569EB71E54A54700EC50D5 /* ABPXIBExampleViewController.xib */,
			);
			name = XIBExample;
			sourceTree = "<group>";
		};
		AD569EB01E54A0BA00EC50D5 /* AutolayoutMasonryExample */ = {
			isa = PBXGroup;
			children = (
				AD569EBA1E54BAE600EC50D5 /* ABPAutolayoutMasonryExample.h */,
				AD569EBB1E54BAE600EC50D5 /* ABPAutolayoutMasonryExample.m */,
			);
			name = AutolayoutMasonryExample;
			sourceTree = "<group>";
		};
		AD569EB41E54A4E700EC50D5 /* AutolayoutAnimationExample */ = {
			isa = PBXGroup;
			children = (
				AD569EBD1E54BE3200EC50D5 /* ABPAutolayoutAnimationExample.h */,
				AD569EBE1E54BE3200EC50D5 /* ABPAutolayoutAnimationExample.m */,
			);
			name = AutolayoutAnimationExample;
			sourceTree = "<group>";
		};
/* End PBXGroup section */

/* Begin PBXNativeTarget section */
		AD569E771E549FA200EC50D5 /* AutolayoutBestPractice */ = {
			isa = PBXNativeTarget;
			buildConfigurationList = AD569EA51E549FA300EC50D5 /* Build configuration list for PBXNativeTarget "AutolayoutBestPractice" */;
			buildPhases = (
				268B9A9D320CD756BF695424 /* [CP] Check Pods Manifest.lock */,
				AD569E741E549FA200EC50D5 /* Sources */,
				AD569E751E549FA200EC50D5 /* Frameworks */,
				AD569E761E549FA200EC50D5 /* Resources */,
				ECC3F90DC2EA4CD6BC56A3EA /* [CP] Embed Pods Frameworks */,
				E2A252057CDD81E9580FD36A /* [CP] Copy Pods Resources */,
			);
			buildRules = (
			);
			dependencies = (
			);
			name = AutolayoutBestPractice;
			productName = AutolayoutBestPractice;
			productReference = AD569E781E549FA300EC50D5 /* AutolayoutBestPractice.app */;
			productType = "com.apple.product-type.application";
		};
		AD569E901E549FA300EC50D5 /* AutolayoutBestPracticeTests */ = {
			isa = PBXNativeTarget;
			buildConfigurationList = AD569EA81E549FA300EC50D5 /* Build configuration list for PBXNativeTarget "AutolayoutBestPracticeTests" */;
			buildPhases = (
				4CBADD0A1B60DBCBAB12BD96 /* [CP] Check Pods Manifest.lock */,
				AD569E8D1E549FA300EC50D5 /* Sources */,
				AD569E8E1E549FA300EC50D5 /* Frameworks */,
				AD569E8F1E549FA300EC50D5 /* Resources */,
				0F2E469011A4F08A23FDA353 /* [CP] Embed Pods Frameworks */,
				137C71D6955674A1E8142C6B /* [CP] Copy Pods Resources */,
			);
			buildRules = (
			);
			dependencies = (
				AD569E931E549FA300EC50D5 /* PBXTargetDependency */,
			);
			name = AutolayoutBestPracticeTests;
			productName = AutolayoutBestPracticeTests;
			productReference = AD569E911E549FA300EC50D5 /* AutolayoutBestPracticeTests.xctest */;
			productType = "com.apple.product-type.bundle.unit-test";
		};
		AD569E9B1E549FA300EC50D5 /* AutolayoutBestPracticeUITests */ = {
			isa = PBXNativeTarget;
			buildConfigurationList = AD569EAB1E549FA300EC50D5 /* Build configuration list for PBXNativeTarget "AutolayoutBestPracticeUITests" */;
			buildPhases = (
				AD569E981E549FA300EC50D5 /* Sources */,
				AD569E991E549FA300EC50D5 /* Frameworks */,
				AD569E9A1E549FA300EC50D5 /* Resources */,
			);
			buildRules = (
			);
			dependencies = (
				AD569E9E1E549FA300EC50D5 /* PBXTargetDependency */,
			);
			name = AutolayoutBestPracticeUITests;
			productName = AutolayoutBestPracticeUITests;
			productReference = AD569E9C1E549FA300EC50D5 /* AutolayoutBestPracticeUITests.xctest */;
			productType = "com.apple.product-type.bundle.ui-testing";
		};
/* End PBXNativeTarget section */

/* Begin PBXProject section */
		AD569E701E549FA200EC50D5 /* Project object */ = {
			isa = PBXProject;
			attributes = {
				LastUpgradeCheck = 0820;
				ORGANIZATIONNAME = mamaz;
				TargetAttributes = {
					AD569E771E549FA200EC50D5 = {
						CreatedOnToolsVersion = 8.2.1;
						ProvisioningStyle = Automatic;
					};
					AD569E901E549FA300EC50D5 = {
						CreatedOnToolsVersion = 8.2.1;
						ProvisioningStyle = Automatic;
						TestTargetID = AD569E771E549FA200EC50D5;
					};
					AD569E9B1E549FA300EC50D5 = {
						CreatedOnToolsVersion = 8.2.1;
						ProvisioningStyle = Automatic;
						TestTargetID = AD569E771E549FA200EC50D5;
					};
				};
			};
			buildConfigurationList = AD569E731E549FA200EC50D5 /* Build configuration list for PBXProject "AutolayoutBestPractice" */;
			compatibilityVersion = "Xcode 3.2";
			developmentRegion = English;
			hasScannedForEncodings = 0;
			knownRegions = (
				en,
				Base,
			);
			mainGroup = AD569E6F1E549FA200EC50D5;
			productRefGroup = AD569E791E549FA300EC50D5 /* Products */;
			projectDirPath = "";
			projectRoot = "";
			targets = (
				AD569E771E549FA200EC50D5 /* AutolayoutBestPractice */,
				AD569E901E549FA300EC50D5 /* AutolayoutBestPracticeTests */,
				AD569E9B1E549FA300EC50D5 /* AutolayoutBestPracticeUITests */,
			);
		};
/* End PBXProject section */

/* Begin PBXResourcesBuildPhase section */
		AD569E761E549FA200EC50D5 /* Resources */ = {
			isa = PBXResourcesBuildPhase;
			buildActionMask = 2147483647;
			files = (
				AD569EB91E54A54700EC50D5 /* ABPXIBExampleViewController.xib in Resources */,
				AD569E8B1E549FA300EC50D5 /* LaunchScreen.storyboard in Resources */,
				AD569E881E549FA300EC50D5 /* Assets.xcassets in Resources */,
			);
			runOnlyForDeploymentPostprocessing = 0;
		};
		AD569E8F1E549FA300EC50D5 /* Resources */ = {
			isa = PBXResourcesBuildPhase;
			buildActionMask = 2147483647;
			files = (
			);
			runOnlyForDeploymentPostprocessing = 0;
		};
		AD569E9A1E549FA300EC50D5 /* Resources */ = {
			isa = PBXResourcesBuildPhase;
			buildActionMask = 2147483647;
			files = (
			);
			runOnlyForDeploymentPostprocessing = 0;
		};
/* End PBXResourcesBuildPhase section */

/* Begin PBXShellScriptBuildPhase section */
		0F2E469011A4F08A23FDA353 /* [CP] Embed Pods Frameworks */ = {
			isa = PBXShellScriptBuildPhase;
			buildActionMask = 2147483647;
			files = (
			);
			inputPaths = (
			);
			name = "[CP] Embed Pods Frameworks";
			outputPaths = (
			);
			runOnlyForDeploymentPostprocessing = 0;
			shellPath = /bin/sh;
			shellScript = "\"${SRCROOT}/Pods/Target Support Files/Pods-AutolayoutBestPracticeTests/Pods-AutolayoutBestPracticeTests-frameworks.sh\"\n";
			showEnvVarsInLog = 0;
		};
		137C71D6955674A1E8142C6B /* [CP] Copy Pods Resources */ = {
			isa = PBXShellScriptBuildPhase;
			buildActionMask = 2147483647;
			files = (
			);
			inputPaths = (
			);
			name = "[CP] Copy Pods Resources";
			outputPaths = (
			);
			runOnlyForDeploymentPostprocessing = 0;
			shellPath = /bin/sh;
			shellScript = "\"${SRCROOT}/Pods/Target Support Files/Pods-AutolayoutBestPracticeTests/Pods-AutolayoutBestPracticeTests-resources.sh\"\n";
			showEnvVarsInLog = 0;
		};
		268B9A9D320CD756BF695424 /* [CP] Check Pods Manifest.lock */ = {
			isa = PBXShellScriptBuildPhase;
			buildActionMask = 2147483647;
			files = (
			);
			inputPaths = (
			);
			name = "[CP] Check Pods Manifest.lock";
			outputPaths = (
			);
			runOnlyForDeploymentPostprocessing = 0;
			shellPath = /bin/sh;
			shellScript = "diff \"${PODS_ROOT}/../Podfile.lock\" \"${PODS_ROOT}/Manifest.lock\" > /dev/null\nif [ $? != 0 ] ; then\n    # print error to STDERR\n    echo \"error: The sandbox is not in sync with the Podfile.lock. Run 'pod install' or update your CocoaPods installation.\" >&2\n    exit 1\nfi\n";
			showEnvVarsInLog = 0;
		};
		4CBADD0A1B60DBCBAB12BD96 /* [CP] Check Pods Manifest.lock */ = {
			isa = PBXShellScriptBuildPhase;
			buildActionMask = 2147483647;
			files = (
			);
			inputPaths = (
			);
			name = "[CP] Check Pods Manifest.lock";
			outputPaths = (
			);
			runOnlyForDeploymentPostprocessing = 0;
			shellPath = /bin/sh;
			shellScript = "diff \"${PODS_ROOT}/../Podfile.lock\" \"${PODS_ROOT}/Manifest.lock\" > /dev/null\nif [ $? != 0 ] ; then\n    # print error to STDERR\n    echo \"error: The sandbox is not in sync with the Podfile.lock. Run 'pod install' or update your CocoaPods installation.\" >&2\n    exit 1\nfi\n";
			showEnvVarsInLog = 0;
		};
		E2A252057CDD81E9580FD36A /* [CP] Copy Pods Resources */ = {
			isa = PBXShellScriptBuildPhase;
			buildActionMask = 2147483647;
			files = (
			);
			inputPaths = (
			);
			name = "[CP] Copy Pods Resources";
			outputPaths = (
			);
			runOnlyForDeploymentPostprocessing = 0;
			shellPath = /bin/sh;
			shellScript = "\"${SRCROOT}/Pods/Target Support Files/Pods-AutolayoutBestPractice/Pods-AutolayoutBestPractice-resources.sh\"\n";
			showEnvVarsInLog = 0;
		};
		ECC3F90DC2EA4CD6BC56A3EA /* [CP] Embed Pods Frameworks */ = {
			isa = PBXShellScriptBuildPhase;
			buildActionMask = 2147483647;
			files = (
			);
			inputPaths = (
			);
			name = "[CP] Embed Pods Frameworks";
			outputPaths = (
			);
			runOnlyForDeploymentPostprocessing = 0;
			shellPath = /bin/sh;
			shellScript = "\"${SRCROOT}/Pods/Target Support Files/Pods-AutolayoutBestPractice/Pods-AutolayoutBestPractice-frameworks.sh\"\n";
			showEnvVarsInLog = 0;
		};
/* End PBXShellScriptBuildPhase section */

/* Begin PBXSourcesBuildPhase section */
		AD569E741E549FA200EC50D5 /* Sources */ = {
			isa = PBXSourcesBuildPhase;
			buildActionMask = 2147483647;
			files = (
				AD569E831E549FA300EC50D5 /* ABPMainViewController.m in Sources */,
				AD569EB81E54A54700EC50D5 /* ABPXIBExampleViewController.m in Sources */,
				AD569EB31E54A2EB00EC50D5 /* ABPFlowController.m in Sources */,
				AD569E801E549FA300EC50D5 /* AppDelegate.m in Sources */,
				AD569EBF1E54BE3200EC50D5 /* ABPAutolayoutAnimationExample.m in Sources */,
				AD569E7D1E549FA300EC50D5 /* main.m in Sources */,
				AD569EBC1E54BAE600EC50D5 /* ABPAutolayoutMasonryExample.m in Sources */,
			);
			runOnlyForDeploymentPostprocessing = 0;
		};
		AD569E8D1E549FA300EC50D5 /* Sources */ = {
			isa = PBXSourcesBuildPhase;
			buildActionMask = 2147483647;
			files = (
				AD569E961E549FA300EC50D5 /* AutolayoutBestPracticeTests.m in Sources */,
			);
			runOnlyForDeploymentPostprocessing = 0;
		};
		AD569E981E549FA300EC50D5 /* Sources */ = {
			isa = PBXSourcesBuildPhase;
			buildActionMask = 2147483647;
			files = (
				AD569EA11E549FA300EC50D5 /* AutolayoutBestPracticeUITests.m in Sources */,
			);
			runOnlyForDeploymentPostprocessing = 0;
		};
/* End PBXSourcesBuildPhase section */

/* Begin PBXTargetDependency section */
		AD569E931E549FA300EC50D5 /* PBXTargetDependency */ = {
			isa = PBXTargetDependency;
			target = AD569E771E549FA200EC50D5 /* AutolayoutBestPractice */;
			targetProxy = AD569E921E549FA300EC50D5 /* PBXContainerItemProxy */;
		};
		AD569E9E1E549FA300EC50D5 /* PBXTargetDependency */ = {
			isa = PBXTargetDependency;
			target = AD569E771E549FA200EC50D5 /* AutolayoutBestPractice */;
			targetProxy = AD569E9D1E549FA300EC50D5 /* PBXContainerItemProxy */;
		};
/* End PBXTargetDependency section */

/* Begin PBXVariantGroup section */
		AD569E891E549FA300EC50D5 /* LaunchScreen.storyboard */ = {
			isa = PBXVariantGroup;
			children = (
				AD569E8A1E549FA300EC50D5 /* Base */,
			);
			name = LaunchScreen.storyboard;
			sourceTree = "<group>";
		};
/* End PBXVariantGroup section */

/* Begin XCBuildConfiguration section */
		AD569EA31E549FA300EC50D5 /* Debug */ = {
			isa = XCBuildConfiguration;
			buildSettings = {
				ALWAYS_SEARCH_USER_PATHS = NO;
				CLANG_ANALYZER_NONNULL = YES;
				CLANG_CXX_LANGUAGE_STANDARD = "gnu++0x";
				CLANG_CXX_LIBRARY = "libc++";
				CLANG_ENABLE_MODULES = YES;
				CLANG_ENABLE_OBJC_ARC = YES;
				CLANG_WARN_BOOL_CONVERSION = YES;
				CLANG_WARN_CONSTANT_CONVERSION = YES;
				CLANG_WARN_DIRECT_OBJC_ISA_USAGE = YES_ERROR;
				CLANG_WARN_DOCUMENTATION_COMMENTS = YES;
				CLANG_WARN_EMPTY_BODY = YES;
				CLANG_WARN_ENUM_CONVERSION = YES;
				CLANG_WARN_INFINITE_RECURSION = YES;
				CLANG_WARN_INT_CONVERSION = YES;
				CLANG_WARN_OBJC_ROOT_CLASS = YES_ERROR;
				CLANG_WARN_SUSPICIOUS_MOVE = YES;
				CLANG_WARN_UNREACHABLE_CODE = YES;
				CLANG_WARN__DUPLICATE_METHOD_MATCH = YES;
				"CODE_SIGN_IDENTITY[sdk=iphoneos*]" = "iPhone Developer";
				COPY_PHASE_STRIP = NO;
				DEBUG_INFORMATION_FORMAT = dwarf;
				ENABLE_STRICT_OBJC_MSGSEND = YES;
				ENABLE_TESTABILITY = YES;
				GCC_C_LANGUAGE_STANDARD = gnu99;
				GCC_DYNAMIC_NO_PIC = NO;
				GCC_NO_COMMON_BLOCKS = YES;
				GCC_OPTIMIZATION_LEVEL = 0;
				GCC_PREPROCESSOR_DEFINITIONS = (
					"DEBUG=1",
					"$(inherited)",
				);
				GCC_WARN_64_TO_32_BIT_CONVERSION = YES;
				GCC_WARN_ABOUT_RETURN_TYPE = YES_ERROR;
				GCC_WARN_UNDECLARED_SELECTOR = YES;
				GCC_WARN_UNINITIALIZED_AUTOS = YES_AGGRESSIVE;
				GCC_WARN_UNUSED_FUNCTION = YES;
				GCC_WARN_UNUSED_VARIABLE = YES;
				IPHONEOS_DEPLOYMENT_TARGET = 10.2;
				MTL_ENABLE_DEBUG_INFO = YES;
				ONLY_ACTIVE_ARCH = YES;
				SDKROOT = iphoneos;
			};
			name = Debug;
		};
		AD569EA41E549FA300EC50D5 /* Release */ = {
			isa = XCBuildConfiguration;
			buildSettings = {
				ALWAYS_SEARCH_USER_PATHS = NO;
				CLANG_ANALYZER_NONNULL = YES;
				CLANG_CXX_LANGUAGE_STANDARD = "gnu++0x";
				CLANG_CXX_LIBRARY = "libc++";
				CLANG_ENABLE_MODULES = YES;
				CLANG_ENABLE_OBJC_ARC = YES;
				CLANG_WARN_BOOL_CONVERSION = YES;
				CLANG_WARN_CONSTANT_CONVERSION = YES;
				CLANG_WARN_DIRECT_OBJC_ISA_USAGE = YES_ERROR;
				CLANG_WARN_DOCUMENTATION_COMMENTS = YES;
				CLANG_WARN_EMPTY_BODY = YES;
				CLANG_WARN_ENUM_CONVERSION = YES;
				CLANG_WARN_INFINITE_RECURSION = YES;
				CLANG_WARN_INT_CONVERSION = YES;
				CLANG_WARN_OBJC_ROOT_CLASS = YES_ERROR;
				CLANG_WARN_SUSPICIOUS_MOVE = YES;
				CLANG_WARN_UNREACHABLE_CODE = YES;
				CLANG_WARN__DUPLICATE_METHOD_MATCH = YES;
				"CODE_SIGN_IDENTITY[sdk=iphoneos*]" = "iPhone Developer";
				COPY_PHASE_STRIP = NO;
				DEBUG_INFORMATION_FORMAT = "dwarf-with-dsym";
				ENABLE_NS_ASSERTIONS = NO;
				ENABLE_STRICT_OBJC_MSGSEND = YES;
				GCC_C_LANGUAGE_STANDARD = gnu99;
				GCC_NO_COMMON_BLOCKS = YES;
				GCC_WARN_64_TO_32_BIT_CONVERSION = YES;
				GCC_WARN_ABOUT_RETURN_TYPE = YES_ERROR;
				GCC_WARN_UNDECLARED_SELECTOR = YES;
				GCC_WARN_UNINITIALIZED_AUTOS = YES_AGGRESSIVE;
				GCC_WARN_UNUSED_FUNCTION = YES;
				GCC_WARN_UNUSED_VARIABLE = YES;
				IPHONEOS_DEPLOYMENT_TARGET = 10.2;
				MTL_ENABLE_DEBUG_INFO = NO;
				SDKROOT = iphoneos;
				VALIDATE_PRODUCT = YES;
			};
			name = Release;
		};
		AD569EA61E549FA300EC50D5 /* Debug */ = {
			isa = XCBuildConfiguration;
			baseConfigurationReference = 584CC10900AB8B30FA8D3025 /* Pods-AutolayoutBestPractice.debug.xcconfig */;
			buildSettings = {
				ASSETCATALOG_COMPILER_APPICON_NAME = AppIcon;
				INFOPLIST_FILE = AutolayoutBestPractice/Info.plist;
				LD_RUNPATH_SEARCH_PATHS = "$(inherited) @executable_path/Frameworks";
				PRODUCT_BUNDLE_IDENTIFIER = com.mamazo.AutolayoutBestPractice;
				PRODUCT_NAME = "$(TARGET_NAME)";
				TARGETED_DEVICE_FAMILY = 1;
			};
			name = Debug;
		};
		AD569EA71E549FA300EC50D5 /* Release */ = {
			isa = XCBuildConfiguration;
			baseConfigurationReference = 0A30FFF92A96C27AD32302E0 /* Pods-AutolayoutBestPractice.release.xcconfig */;
			buildSettings = {
				ASSETCATALOG_COMPILER_APPICON_NAME = AppIcon;
				INFOPLIST_FILE = AutolayoutBestPractice/Info.plist;
				LD_RUNPATH_SEARCH_PATHS = "$(inherited) @executable_path/Frameworks";
				PRODUCT_BUNDLE_IDENTIFIER = com.mamazo.AutolayoutBestPractice;
				PRODUCT_NAME = "$(TARGET_NAME)";
				TARGETED_DEVICE_FAMILY = 1;
			};
			name = Release;
		};
		AD569EA91E549FA300EC50D5 /* Debug */ = {
			isa = XCBuildConfiguration;
			baseConfigurationReference = A9A373C44E6118CE4D4B8DA0 /* Pods-AutolayoutBestPracticeTests.debug.xcconfig */;
			buildSettings = {
				BUNDLE_LOADER = "$(TEST_HOST)";
				INFOPLIST_FILE = AutolayoutBestPracticeTests/Info.plist;
				LD_RUNPATH_SEARCH_PATHS = "$(inherited) @executable_path/Frameworks @loader_path/Frameworks";
				PRODUCT_BUNDLE_IDENTIFIER = com.mamazo.AutolayoutBestPracticeTests;
				PRODUCT_NAME = "$(TARGET_NAME)";
				TEST_HOST = "$(BUILT_PRODUCTS_DIR)/AutolayoutBestPractice.app/AutolayoutBestPractice";
			};
			name = Debug;
		};
		AD569EAA1E549FA300EC50D5 /* Release */ = {
			isa = XCBuildConfiguration;
			baseConfigurationReference = F23A7F6BCCDCB56F785E59CA /* Pods-AutolayoutBestPracticeTests.release.xcconfig */;
			buildSettings = {
				BUNDLE_LOADER = "$(TEST_HOST)";
				INFOPLIST_FILE = AutolayoutBestPracticeTests/Info.plist;
				LD_RUNPATH_SEARCH_PATHS = "$(inherited) @executable_path/Frameworks @loader_path/Frameworks";
				PRODUCT_BUNDLE_IDENTIFIER = com.mamazo.AutolayoutBestPracticeTests;
				PRODUCT_NAME = "$(TARGET_NAME)";
				TEST_HOST = "$(BUILT_PRODUCTS_DIR)/AutolayoutBestPractice.app/AutolayoutBestPractice";
			};
			name = Release;
		};
		AD569EAC1E549FA300EC50D5 /* Debug */ = {
			isa = XCBuildConfiguration;
			buildSettings = {
				INFOPLIST_FILE = AutolayoutBestPracticeUITests/Info.plist;
				LD_RUNPATH_SEARCH_PATHS = "$(inherited) @executable_path/Frameworks @loader_path/Frameworks";
				PRODUCT_BUNDLE_IDENTIFIER = com.mamazo.AutolayoutBestPracticeUITests;
				PRODUCT_NAME = "$(TARGET_NAME)";
				TEST_TARGET_NAME = AutolayoutBestPractice;
			};
			name = Debug;
		};
		AD569EAD1E549FA300EC50D5 /* Release */ = {
			isa = XCBuildConfiguration;
			buildSettings = {
				INFOPLIST_FILE = AutolayoutBestPracticeUITests/Info.plist;
				LD_RUNPATH_SEARCH_PATHS = "$(inherited) @executable_path/Frameworks @loader_path/Frameworks";
				PRODUCT_BUNDLE_IDENTIFIER = com.mamazo.AutolayoutBestPracticeUITests;
				PRODUCT_NAME = "$(TARGET_NAME)";
				TEST_TARGET_NAME = AutolayoutBestPractice;
			};
			name = Release;
		};
/* End XCBuildConfiguration section */

/* Begin XCConfigurationList section */
		AD569E731E549FA200EC50D5 /* Build configuration list for PBXProject "AutolayoutBestPractice" */ = {
			isa = XCConfigurationList;
			buildConfigurations = (
				AD569EA31E549FA300EC50D5 /* Debug */,
				AD569EA41E549FA300EC50D5 /* Release */,
			);
			defaultConfigurationIsVisible = 0;
			defaultConfigurationName = Release;
		};
		AD569EA51E549FA300EC50D5 /* Build configuration list for PBXNativeTarget "AutolayoutBestPractice" */ = {
			isa = XCConfigurationList;
			buildConfigurations = (
				AD569EA61E549FA300EC50D5 /* Debug */,
				AD569EA71E549FA300EC50D5 /* Release */,
			);
			defaultConfigurationIsVisible = 0;
			defaultConfigurationName = Release;
		};
		AD569EA81E549FA300EC50D5 /* Build configuration list for PBXNativeTarget "AutolayoutBestPracticeTests" */ = {
			isa = XCConfigurationList;
			buildConfigurations = (
				AD569EA91E549FA300EC50D5 /* Debug */,
				AD569EAA1E549FA300EC50D5 /* Release */,
			);
			defaultConfigurationIsVisible = 0;
			defaultConfigurationName = Release;
		};
		AD569EAB1E549FA300EC50D5 /* Build configuration list for PBXNativeTarget "AutolayoutBestPracticeUITests" */ = {
			isa = XCConfigurationList;
			buildConfigurations = (
				AD569EAC1E549FA300EC50D5 /* Debug */,
				AD569EAD1E549FA300EC50D5 /* Release */,
			);
			defaultConfigurationIsVisible = 0;
			defaultConfigurationName = Release;
		};
/* End XCConfigurationList section */
	};
	rootObject = AD569E701E549FA200EC50D5 /* Project object */;
}
